PODS:
  - TencentOpenSDK-iOS (3.5.10)

DEPENDENCIES:
  - TencentOpenSDK-iOS (from `https://github.com/liujunliuhong/TencentOpenSDK.git`)

EXTERNAL SOURCES:
  TencentOpenSDK-iOS:
    :git: https://github.com/liujunliuhong/TencentOpenSDK.git

CHECKOUT OPTIONS:
  TencentOpenSDK-iOS:
    :commit: 6d684140c6dc17170445dc8975ea4fb42af67646
    :git: https://github.com/liujunliuhong/TencentOpenSDK.git

SPEC CHECKSUMS:
  TencentOpenSDK-iOS: 78c98f358832cb06fa1d958e1962c33c64d3a2e7

PODFILE CHECKSUM: a05c80328fa2e1f230a1e8bcad085147f262716d

COCOAPODS: 1.11.2
