PODS:
  - TencentOpenSDK-iOS (3.5.11)

DEPENDENCIES:
  - TencentOpenSDK-iOS (from `TencentOpenSDK-iOS.podspec`)

EXTERNAL SOURCES:
  TencentOpenSDK-iOS:
    :path: TencentOpenSDK-iOS.podspec

SPEC CHECKSUMS:
  TencentOpenSDK-iOS: 1a16111341d439a848a6b9de4b1ac497b6ccc8c2

PODFILE CHECKSUM: 71b27d1ba4d0743615adfbbd2909efb6aafc2800

COCOAPODS: 1.11.2
